
Microsoft Visual Studio Solution File, Format Version 12.00
# Visual Studio Version 17
VisualStudioVersion = 17.10.35122.118
MinimumVisualStudioVersion = 10.0.40219.1
Project("{FAE04EC0-301F-11D3-BF4B-00C04F79EFBC}") = "Assignment", "Assignment.csproj", "{F8463E47-A889-4237-874A-301565F98A09}"
EndProject
Global
	GlobalSection(SolutionConfigurationPlatforms) = preSolution
		Debug|Any CPU = Debug|Any CPU
		Release|Any CPU = Release|Any CPU
	EndGlobalSection
	GlobalSection(ProjectConfigurationPlatforms) = postSolution
		{F8463E47-A889-4237-874A-301565F98A09}.Debug|Any CPU.ActiveCfg = Debug|Any CPU
		{F8463E47-A889-4237-874A-301565F98A09}.Debug|Any CPU.Build.0 = Debug|Any CPU
		{F8463E47-A889-4237-874A-301565F98A09}.Release|Any CPU.ActiveCfg = Release|Any CPU
		{F8463E47-A889-4237-874A-301565F98A09}.Release|Any CPU.Build.0 = Release|Any CPU
	EndGlobalSection
	GlobalSection(SolutionProperties) = preSolution
		HideSolutionNode = FALSE
	EndGlobalSection
	GlobalSection(ExtensibilityGlobals) = postSolution
		SolutionGuid = {C592570D-5A0B-46EC-9290-A3907F1D9D6E}
	EndGlobalSection
EndGlobal
